// !$*UTF8*$!
{
	archiveVersion = 1;
	classes = {
	};
	objectVersion = 56;
	objects = {

/* Begin PBXBuildFile section */
		8FC636502A141547005E78FD /* Lyceum_QuizApp.swift in Sources */ = {isa = PBXBuildFile; fileRef = 8FC6364F2A141547005E78FD /* Lyceum_QuizApp.swift */; };
		8FC636522A141547005E78FD /* ContentView.swift in Sources */ = {isa = PBXBuildFile; fileRef = 8FC636512A141547005E78FD /* ContentView.swift */; };
		8FC636542A141549005E78FD /* Assets.xcassets in Resources */ = {isa = PBXBuildFile; fileRef = 8FC636532A141549005E78FD /* Assets.xcassets */; };
		8FC636572A141549005E78FD /* Preview Assets.xcassets in Resources */ = {isa = PBXBuildFile; fileRef = 8FC636562A141549005E78FD /* Preview Assets.xcassets */; };
		8FC636612A141549005E78FD /* Lyceum_QuizTests.swift in Sources */ = {isa = PBXBuildFile; fileRef = 8FC636602A141549005E78FD /* Lyceum_QuizTests.swift */; };
		8FC6366B2A141549005E78FD /* Lyceum_QuizUITests.swift in Sources */ = {isa = PBXBuildFile; fileRef = 8FC6366A2A141549005E78FD /* Lyceum_QuizUITests.swift */; };
		8FC6366D2A141549005E78FD /* Lyceum_QuizUITestsLaunchTests.swift in Sources */ = {isa = PBXBuildFile; fileRef = 8FC6366C2A141549005E78FD /* Lyceum_QuizUITestsLaunchTests.swift */; };
/* End PBXBuildFile section */

/* Begin PBXContainerItemProxy section */
		8FC6365D2A141549005E78FD /* PBXContainerItemProxy */ = {
			isa = PBXContainerItemProxy;
			containerPortal = 8FC636442A141547005E78FD /* Project object */;
			proxyType = 1;
			remoteGlobalIDString = 8FC6364B2A141547005E78FD;
			remoteInfo = "Lyceum-Quiz";
		};
		8FC636672A141549005E78FD /* PBXContainerItemProxy */ = {
			isa = PBXContainerItemProxy;
			containerPortal = 8FC636442A141547005E78FD /* Project object */;
			proxyType = 1;
			remoteGlobalIDString = 8FC6364B2A141547005E78FD;
			remoteInfo = "Lyceum-Quiz";
		};
/* End PBXContainerItemProxy section */

/* Begin PBXFileReference section */
		8FC6364C2A141547005E78FD /* Lyceum-Quiz.app */ = {isa = PBXFileReference; explicitFileType = wrapper.application; includeInIndex = 0; path = "Lyceum-Quiz.app"; sourceTree = BUILT_PRODUCTS_DIR; };
		8FC6364F2A141547005E78FD /* Lyceum_QuizApp.swift */ = {isa = PBXFileReference; lastKnownFileType = sourcecode.swift; path = Lyceum_QuizApp.swift; sourceTree = "<group>"; };
		8FC636512A141547005E78FD /* ContentView.swift */ = {isa = PBXFileReference; lastKnownFileType = sourcecode.swift; path = ContentView.swift; sourceTree = "<group>"; };
		8FC636532A141549005E78FD /* Assets.xcassets */ = {isa = PBXFileReference; lastKnownFileType = folder.assetcatalog; path = Assets.xcassets; sourceTree = "<group>"; };
		8FC636562A141549005E78FD /* Preview Assets.xcassets */ = {isa = PBXFileReference; lastKnownFileType = folder.assetcatalog; path = "Preview Assets.xcassets"; sourceTree = "<group>"; };
		8FC6365C2A141549005E78FD /* Lyceum-QuizTests.xctest */ = {isa = PBXFileReference; explicitFileType = wrapper.cfbundle; includeInIndex = 0; path = "Lyceum-QuizTests.xctest"; sourceTree = BUILT_PRODUCTS_DIR; };
		8FC636602A141549005E78FD /* Lyceum_QuizTests.swift */ = {isa = PBXFileReference; lastKnownFileType = sourcecode.swift; path = Lyceum_QuizTests.swift; sourceTree = "<group>"; };
		8FC636662A141549005E78FD /* Lyceum-QuizUITests.xctest */ = {isa = PBXFileReference; explicitFileType = wrapper.cfbundle; includeInIndex = 0; path = "Lyceum-QuizUITests.xctest"; sourceTree = BUILT_PRODUCTS_DIR; };
		8FC6366A2A141549005E78FD /* Lyceum_QuizUITests.swift */ = {isa = PBXFileReference; lastKnownFileType = sourcecode.swift; path = Lyceum_QuizUITests.swift; sourceTree = "<group>"; };
		8FC6366C2A141549005E78FD /* Lyceum_QuizUITestsLaunchTests.swift */ = {isa = PBXFileReference; lastKnownFileType = sourcecode.swift; path = Lyceum_QuizUITestsLaunchTests.swift; sourceTree = "<group>"; };
/* End PBXFileReference section */

/* Begin PBXFrameworksBuildPhase section */
		8FC636492A141547005E78FD /* Frameworks */ = {
			isa = PBXFrameworksBuildPhase;
			buildActionMask = 2147483647;
			files = (
			);
			runOnlyForDeploymentPostprocessing = 0;
		};
		8FC636592A141549005E78FD /* Frameworks */ = {
			isa = PBXFrameworksBuildPhase;
			buildActionMask = 2147483647;
			files = (
			);
			runOnlyForDeploymentPostprocessing = 0;
		};
		8FC636632A141549005E78FD /* Frameworks */ = {
			isa = PBXFrameworksBuildPhase;
			buildActionMask = 2147483647;
			files = (
			);
			runOnlyForDeploymentPostprocessing = 0;
		};
/* End PBXFrameworksBuildPhase section */

/* Begin PBXGroup section */
		8FC636432A141547005E78FD = {
			isa = PBXGroup;
			children = (
				8FC6364E2A141547005E78FD /* Lyceum-Quiz */,
				8FC6365F2A141549005E78FD /* Lyceum-QuizTests */,
				8FC636692A141549005E78FD /* Lyceum-QuizUITests */,
				8FC6364D2A141547005E78FD /* Products */,
			);
			sourceTree = "<group>";
		};
		8FC6364D2A141547005E78FD /* Products */ = {
			isa = PBXGroup;
			children = (
				8FC6364C2A141547005E78FD /* Lyceum-Quiz.app */,
				8FC6365C2A141549005E78FD /* Lyceum-QuizTests.xctest */,
				8FC636662A141549005E78FD /* Lyceum-QuizUITests.xctest */,
			);
			name = Products;
			sourceTree = "<group>";
		};
		8FC6364E2A141547005E78FD /* Lyceum-Quiz */ = {
			isa = PBXGroup;
			children = (
				8FC6364F2A141547005E78FD /* Lyceum_QuizApp.swift */,
				8FC636512A141547005E78FD /* ContentView.swift */,
				8FC636532A141549005E78FD /* Assets.xcassets */,
				8FC636552A141549005E78FD /* Preview Content */,
			);
			path = "Lyceum-Quiz";
			sourceTree = "<group>";
		};
		8FC636552A141549005E78FD /* Preview Content */ = {
			isa = PBXGroup;
			children = (
				8FC636562A141549005E78FD /* Preview Assets.xcassets */,
			);
			path = "Preview Content";
			sourceTree = "<group>";
		};
		8FC6365F2A141549005E78FD /* Lyceum-QuizTests */ = {
			isa = PBXGroup;
			children = (
				8FC636602A141549005E78FD /* Lyceum_QuizTests.swift */,
			);
			path = "Lyceum-QuizTests";
			sourceTree = "<group>";
		};
		8FC636692A141549005E78FD /* Lyceum-QuizUITests */ = {
			isa = PBXGroup;
			children = (
				8FC6366A2A141549005E78FD /* Lyceum_QuizUITests.swift */,
				8FC6366C2A141549005E78FD /* Lyceum_QuizUITestsLaunchTests.swift */,
			);
			path = "Lyceum-QuizUITests";
			sourceTree = "<group>";
		};
/* End PBXGroup section */

/* Begin PBXNativeTarget section */
		8FC6364B2A141547005E78FD /* Lyceum-Quiz */ = {
			isa = PBXNativeTarget;
			buildConfigurationList = 8FC636702A141549005E78FD /* Build configuration list for PBXNativeTarget "Lyceum-Quiz" */;
			buildPhases = (
				8FC636482A141547005E78FD /* Sources */,
				8FC636492A141547005E78FD /* Frameworks */,
				8FC6364A2A141547005E78FD /* Resources */,
			);
			buildRules = (
			);
			dependencies = (
			);
			name = "Lyceum-Quiz";
			productName = "Lyceum-Quiz";
			productReference = 8FC6364C2A141547005E78FD /* Lyceum-Quiz.app */;
			productType = "com.apple.product-type.application";
		};
		8FC6365B2A141549005E78FD /* Lyceum-QuizTests */ = {
			isa = PBXNativeTarget;
			buildConfigurationList = 8FC636732A141549005E78FD /* Build configuration list for PBXNativeTarget "Lyceum-QuizTests" */;
			buildPhases = (
				8FC636582A141549005E78FD /* Sources */,
				8FC636592A141549005E78FD /* Frameworks */,
				8FC6365A2A141549005E78FD /* Resources */,
			);
			buildRules = (
			);
			dependencies = (
				8FC6365E2A141549005E78FD /* PBXTargetDependency */,
			);
			name = "Lyceum-QuizTests";
			productName = "Lyceum-QuizTests";
			productReference = 8FC6365C2A141549005E78FD /* Lyceum-QuizTests.xctest */;
			productType = "com.apple.product-type.bundle.unit-test";
		};
		8FC636652A141549005E78FD /* Lyceum-QuizUITests */ = {
			isa = PBXNativeTarget;
			buildConfigurationList = 8FC636762A141549005E78FD /* Build configuration list for PBXNativeTarget "Lyceum-QuizUITests" */;
			buildPhases = (
				8FC636622A141549005E78FD /* Sources */,
				8FC636632A141549005E78FD /* Frameworks */,
				8FC636642A141549005E78FD /* Resources */,
			);
			buildRules = (
			);
			dependencies = (
				8FC636682A141549005E78FD /* PBXTargetDependency */,
			);
			name = "Lyceum-QuizUITests";
			productName = "Lyceum-QuizUITests";
			productReference = 8FC636662A141549005E78FD /* Lyceum-QuizUITests.xctest */;
			productType = "com.apple.product-type.bundle.ui-testing";
		};
/* End PBXNativeTarget section */

/* Begin PBXProject section */
		8FC636442A141547005E78FD /* Project object */ = {
			isa = PBXProject;
			attributes = {
				BuildIndependentTargetsInParallel = 1;
				LastSwiftUpdateCheck = 1420;
				LastUpgradeCheck = 1420;
				TargetAttributes = {
					8FC6364B2A141547005E78FD = {
						CreatedOnToolsVersion = 14.2;
					};
					8FC6365B2A141549005E78FD = {
						CreatedOnToolsVersion = 14.2;
						TestTargetID = 8FC6364B2A141547005E78FD;
					};
					8FC636652A141549005E78FD = {
						CreatedOnToolsVersion = 14.2;
						TestTargetID = 8FC6364B2A141547005E78FD;
					};
				};
			};
			buildConfigurationList = 8FC636472A141547005E78FD /* Build configuration list for PBXProject "Lyceum-Quiz" */;
			compatibilityVersion = "Xcode 14.0";
			developmentRegion = en;
			hasScannedForEncodings = 0;
			knownRegions = (
				en,
				Base,
			);
			mainGroup = 8FC636432A141547005E78FD;
			productRefGroup = 8FC6364D2A141547005E78FD /* Products */;
			projectDirPath = "";
			projectRoot = "";
			targets = (
				8FC6364B2A141547005E78FD /* Lyceum-Quiz */,
				8FC6365B2A141549005E78FD /* Lyceum-QuizTests */,
				8FC636652A141549005E78FD /* Lyceum-QuizUITests */,
			);
		};
/* End PBXProject section */

/* Begin PBXResourcesBuildPhase section */
		8FC6364A2A141547005E78FD /* Resources */ = {
			isa = PBXResourcesBuildPhase;
			buildActionMask = 2147483647;
			files = (
				8FC636572A141549005E78FD /* Preview Assets.xcassets in Resources */,
				8FC636542A141549005E78FD /* Assets.xcassets in Resources */,
			);
			runOnlyForDeploymentPostprocessing = 0;
		};
		8FC6365A2A141549005E78FD /* Resources */ = {
			isa = PBXResourcesBuildPhase;
			buildActionMask = 2147483647;
			files = (
			);
			runOnlyForDeploymentPostprocessing = 0;
		};
		8FC636642A141549005E78FD /* Resources */ = {
			isa = PBXResourcesBuildPhase;
			buildActionMask = 2147483647;
			files = (
			);
			runOnlyForDeploymentPostprocessing = 0;
		};
/* End PBXResourcesBuildPhase section */

/* Begin PBXSourcesBuildPhase section */
		8FC636482A141547005E78FD /* Sources */ = {
			isa = PBXSourcesBuildPhase;
			buildActionMask = 2147483647;
			files = (
				8FC636522A141547005E78FD /* ContentView.swift in Sources */,
				8FC636502A141547005E78FD /* Lyceum_QuizApp.swift in Sources */,
			);
			runOnlyForDeploymentPostprocessing = 0;
		};
		8FC636582A141549005E78FD /* Sources */ = {
			isa = PBXSourcesBuildPhase;
			buildActionMask = 2147483647;
			files = (
				8FC636612A141549005E78FD /* Lyceum_QuizTests.swift in Sources */,
			);
			runOnlyForDeploymentPostprocessing = 0;
		};
		8FC636622A141549005E78FD /* Sources */ = {
			isa = PBXSourcesBuildPhase;
			buildActionMask = 2147483647;
			files = (
				8FC6366D2A141549005E78FD /* Lyceum_QuizUITestsLaunchTests.swift in Sources */,
				8FC6366B2A141549005E78FD /* Lyceum_QuizUITests.swift in Sources */,
			);
			runOnlyForDeploymentPostprocessing = 0;
		};
/* End PBXSourcesBuildPhase section */

/* Begin PBXTargetDependency section */
		8FC6365E2A141549005E78FD /* PBXTargetDependency */ = {
			isa = PBXTargetDependency;
			target = 8FC6364B2A141547005E78FD /* Lyceum-Quiz */;
			targetProxy = 8FC6365D2A141549005E78FD /* PBXContainerItemProxy */;
		};
		8FC636682A141549005E78FD /* PBXTargetDependency */ = {
			isa = PBXTargetDependency;
			target = 8FC6364B2A141547005E78FD /* Lyceum-Quiz */;
			targetProxy = 8FC636672A141549005E78FD /* PBXContainerItemProxy */;
		};
/* End PBXTargetDependency section */

/* Begin XCBuildConfiguration section */
		8FC6366E2A141549005E78FD /* Debug */ = {
			isa = XCBuildConfiguration;
			buildSettings = {
				ALWAYS_SEARCH_USER_PATHS = NO;
				CLANG_ANALYZER_NONNULL = YES;
				CLANG_ANALYZER_NUMBER_OBJECT_CONVERSION = YES_AGGRESSIVE;
				CLANG_CXX_LANGUAGE_STANDARD = "gnu++20";
				CLANG_ENABLE_MODULES = YES;
				CLANG_ENABLE_OBJC_ARC = YES;
				CLANG_ENABLE_OBJC_WEAK = YES;
				CLANG_WARN_BLOCK_CAPTURE_AUTORELEASING = YES;
				CLANG_WARN_BOOL_CONVERSION = YES;
				CLANG_WARN_COMMA = YES;
				CLANG_WARN_CONSTANT_CONVERSION = YES;
				CLANG_WARN_DEPRECATED_OBJC_IMPLEMENTATIONS = YES;
				CLANG_WARN_DIRECT_OBJC_ISA_USAGE = YES_ERROR;
				CLANG_WARN_DOCUMENTATION_COMMENTS = YES;
				CLANG_WARN_EMPTY_BODY = YES;
				CLANG_WARN_ENUM_CONVERSION = YES;
				CLANG_WARN_INFINITE_RECURSION = YES;
				CLANG_WARN_INT_CONVERSION = YES;
				CLANG_WARN_NON_LITERAL_NULL_CONVERSION = YES;
				CLANG_WARN_OBJC_IMPLICIT_RETAIN_SELF = YES;
				CLANG_WARN_OBJC_LITERAL_CONVERSION = YES;
				CLANG_WARN_OBJC_ROOT_CLASS = YES_ERROR;
				CLANG_WARN_QUOTED_INCLUDE_IN_FRAMEWORK_HEADER = YES;
				CLANG_WARN_RANGE_LOOP_ANALYSIS = YES;
				CLANG_WARN_STRICT_PROTOTYPES = YES;
				CLANG_WARN_SUSPICIOUS_MOVE = YES;
				CLANG_WARN_UNGUARDED_AVAILABILITY = YES_AGGRESSIVE;
				CLANG_WARN_UNREACHABLE_CODE = YES;
				CLANG_WARN__DUPLICATE_METHOD_MATCH = YES;
				COPY_PHASE_STRIP = NO;
				DEBUG_INFORMATION_FORMAT = dwarf;
				ENABLE_STRICT_OBJC_MSGSEND = YES;
				ENABLE_TESTABILITY = YES;
				GCC_C_LANGUAGE_STANDARD = gnu11;
				GCC_DYNAMIC_NO_PIC = NO;
				GCC_NO_COMMON_BLOCKS = YES;
				GCC_OPTIMIZATION_LEVEL = 0;
				GCC_PREPROCESSOR_DEFINITIONS = (
					"DEBUG=1",
					"$(inherited)",
				);
				GCC_WARN_64_TO_32_BIT_CONVERSION = YES;
				GCC_WARN_ABOUT_RETURN_TYPE = YES_ERROR;
				GCC_WARN_UNDECLARED_SELECTOR = YES;
				GCC_WARN_UNINITIALIZED_AUTOS = YES_AGGRESSIVE;
				GCC_WARN_UNUSED_FUNCTION = YES;
				GCC_WARN_UNUSED_VARIABLE = YES;
				IPHONEOS_DEPLOYMENT_TARGET = 16.2;
				MTL_ENABLE_DEBUG_INFO = INCLUDE_SOURCE;
				MTL_FAST_MATH = YES;
				ONLY_ACTIVE_ARCH = YES;
				SDKROOT = iphoneos;
				SWIFT_ACTIVE_COMPILATION_CONDITIONS = DEBUG;
				SWIFT_OPTIMIZATION_LEVEL = "-Onone";
			};
			name = Debug;
		};
		8FC6366F2A141549005E78FD /* Release */ = {
			isa = XCBuildConfiguration;
			buildSettings = {
				ALWAYS_SEARCH_USER_PATHS = NO;
				CLANG_ANALYZER_NONNULL = YES;
				CLANG_ANALYZER_NUMBER_OBJECT_CONVERSION = YES_AGGRESSIVE;
				CLANG_CXX_LANGUAGE_STANDARD = "gnu++20";
				CLANG_ENABLE_MODULES = YES;
				CLANG_ENABLE_OBJC_ARC = YES;
				CLANG_ENABLE_OBJC_WEAK = YES;
				CLANG_WARN_BLOCK_CAPTURE_AUTORELEASING = YES;
				CLANG_WARN_BOOL_CONVERSION = YES;
				CLANG_WARN_COMMA = YES;
				CLANG_WARN_CONSTANT_CONVERSION = YES;
				CLANG_WARN_DEPRECATED_OBJC_IMPLEMENTATIONS = YES;
				CLANG_WARN_DIRECT_OBJC_ISA_USAGE = YES_ERROR;
				CLANG_WARN_DOCUMENTATION_COMMENTS = YES;
				CLANG_WARN_EMPTY_BODY = YES;
				CLANG_WARN_ENUM_CONVERSION = YES;
				CLANG_WARN_INFINITE_RECURSION = YES;
				CLANG_WARN_INT_CONVERSION = YES;
				CLANG_WARN_NON_LITERAL_NULL_CONVERSION = YES;
				CLANG_WARN_OBJC_IMPLICIT_RETAIN_SELF = YES;
				CLANG_WARN_OBJC_LITERAL_CONVERSION = YES;
				CLANG_WARN_OBJC_ROOT_CLASS = YES_ERROR;
				CLANG_WARN_QUOTED_INCLUDE_IN_FRAMEWORK_HEADER = YES;
				CLANG_WARN_RANGE_LOOP_ANALYSIS = YES;
				CLANG_WARN_STRICT_PROTOTYPES = YES;
				CLANG_WARN_SUSPICIOUS_MOVE = YES;
				CLANG_WARN_UNGUARDED_AVAILABILITY = YES_AGGRESSIVE;
				CLANG_WARN_UNREACHABLE_CODE = YES;
				CLANG_WARN__DUPLICATE_METHOD_MATCH = YES;
				COPY_PHASE_STRIP = NO;
				DEBUG_INFORMATION_FORMAT = "dwarf-with-dsym";
				ENABLE_NS_ASSERTIONS = NO;
				ENABLE_STRICT_OBJC_MSGSEND = YES;
				GCC_C_LANGUAGE_STANDARD = gnu11;
				GCC_NO_COMMON_BLOCKS = YES;
				GCC_WARN_64_TO_32_BIT_CONVERSION = YES;
				GCC_WARN_ABOUT_RETURN_TYPE = YES_ERROR;
				GCC_WARN_UNDECLARED_SELECTOR = YES;
				GCC_WARN_UNINITIALIZED_AUTOS = YES_AGGRESSIVE;
				GCC_WARN_UNUSED_FUNCTION = YES;
				GCC_WARN_UNUSED_VARIABLE = YES;
				IPHONEOS_DEPLOYMENT_TARGET = 16.2;
				MTL_ENABLE_DEBUG_INFO = NO;
				MTL_FAST_MATH = YES;
				SDKROOT = iphoneos;
				SWIFT_COMPILATION_MODE = wholemodule;
				SWIFT_OPTIMIZATION_LEVEL = "-O";
				VALIDATE_PRODUCT = YES;
			};
			name = Release;
		};
		8FC636712A141549005E78FD /* Debug */ = {
			isa = XCBuildConfiguration;
			buildSettings = {
				ASSETCATALOG_COMPILER_APPICON_NAME = AppIcon;
				ASSETCATALOG_COMPILER_GLOBAL_ACCENT_COLOR_NAME = AccentColor;
				CODE_SIGN_STYLE = Automatic;
				CURRENT_PROJECT_VERSION = 1;
				DEVELOPMENT_ASSET_PATHS = "\"Lyceum-Quiz/Preview Content\"";
				DEVELOPMENT_TEAM = 89P42BULRY;
				ENABLE_PREVIEWS = YES;
				GENERATE_INFOPLIST_FILE = YES;
				INFOPLIST_KEY_UIApplicationSceneManifest_Generation = YES;
				INFOPLIST_KEY_UIApplicationSupportsIndirectInputEvents = YES;
				INFOPLIST_KEY_UILaunchScreen_Generation = YES;
				INFOPLIST_KEY_UISupportedInterfaceOrientations_iPad = "UIInterfaceOrientationPortrait UIInterfaceOrientationPortraitUpsideDown UIInterfaceOrientationLandscapeLeft UIInterfaceOrientationLandscapeRight";
				INFOPLIST_KEY_UISupportedInterfaceOrientations_iPhone = "UIInterfaceOrientationPortrait UIInterfaceOrientationLandscapeLeft UIInterfaceOrientationLandscapeRight";
				LD_RUNPATH_SEARCH_PATHS = (
					"$(inherited)",
					"@executable_path/Frameworks",
				);
				MARKETING_VERSION = 1.0;
				PRODUCT_BUNDLE_IDENTIFIER = "Amber.Lyceum-Quiz";
				PRODUCT_NAME = "$(TARGET_NAME)";
				SWIFT_EMIT_LOC_STRINGS = YES;
				SWIFT_VERSION = 5.0;
				TARGETED_DEVICE_FAMILY = "1,2";
			};
			name = Debug;
		};
		8FC636722A141549005E78FD /* Release */ = {
			isa = XCBuildConfiguration;
			buildSettings = {
				ASSETCATALOG_COMPILER_APPICON_NAME = AppIcon;
				ASSETCATALOG_COMPILER_GLOBAL_ACCENT_COLOR_NAME = AccentColor;
				CODE_SIGN_STYLE = Automatic;
				CURRENT_PROJECT_VERSION = 1;
				DEVELOPMENT_ASSET_PATHS = "\"Lyceum-Quiz/Preview Content\"";
				DEVELOPMENT_TEAM = 89P42BULRY;
				ENABLE_PREVIEWS = YES;
				GENERATE_INFOPLIST_FILE = YES;
				INFOPLIST_KEY_UIApplicationSceneManifest_Generation = YES;
				INFOPLIST_KEY_UIApplicationSupportsIndirectInputEvents = YES;
				INFOPLIST_KEY_UILaunchScreen_Generation = YES;
				INFOPLIST_KEY_UISupportedInterfaceOrientations_iPad = "UIInterfaceOrientationPortrait UIInterfaceOrientationPortraitUpsideDown UIInterfaceOrientationLandscapeLeft UIInterfaceOrientationLandscapeRight";
				INFOPLIST_KEY_UISupportedInterfaceOrientations_iPhone = "UIInterfaceOrientationPortrait UIInterfaceOrientationLandscapeLeft UIInterfaceOrientationLandscapeRight";
				LD_RUNPATH_SEARCH_PATHS = (
					"$(inherited)",
					"@executable_path/Frameworks",
				);
				MARKETING_VERSION = 1.0;
				PRODUCT_BUNDLE_IDENTIFIER = "Amber.Lyceum-Quiz";
				PRODUCT_NAME = "$(TARGET_NAME)";
				SWIFT_EMIT_LOC_STRINGS = YES;
				SWIFT_VERSION = 5.0;
				TARGETED_DEVICE_FAMILY = "1,2";
			};
			name = Release;
		};
		8FC636742A141549005E78FD /* Debug */ = {
			isa = XCBuildConfiguration;
			buildSettings = {
				ALWAYS_EMBED_SWIFT_STANDARD_LIBRARIES = YES;
				BUNDLE_LOADER = "$(TEST_HOST)";
				CODE_SIGN_STYLE = Automatic;
				CURRENT_PROJECT_VERSION = 1;
				DEVELOPMENT_TEAM = 89P42BULRY;
				GENERATE_INFOPLIST_FILE = YES;
				IPHONEOS_DEPLOYMENT_TARGET = 16.2;
				MARKETING_VERSION = 1.0;
				PRODUCT_BUNDLE_IDENTIFIER = "Amber.Lyceum-QuizTests";
				PRODUCT_NAME = "$(TARGET_NAME)";
				SWIFT_EMIT_LOC_STRINGS = NO;
				SWIFT_VERSION = 5.0;
				TARGETED_DEVICE_FAMILY = "1,2";
				TEST_HOST = "$(BUILT_PRODUCTS_DIR)/Lyceum-Quiz.app/$(BUNDLE_EXECUTABLE_FOLDER_PATH)/Lyceum-Quiz";
			};
			name = Debug;
		};
		8FC636752A141549005E78FD /* Release */ = {
			isa = XCBuildConfiguration;
			buildSettings = {
				ALWAYS_EMBED_SWIFT_STANDARD_LIBRARIES = YES;
				BUNDLE_LOADER = "$(TEST_HOST)";
				CODE_SIGN_STYLE = Automatic;
				CURRENT_PROJECT_VERSION = 1;
				DEVELOPMENT_TEAM = 89P42BULRY;
				GENERATE_INFOPLIST_FILE = YES;
				IPHONEOS_DEPLOYMENT_TARGET = 16.2;
				MARKETING_VERSION = 1.0;
				PRODUCT_BUNDLE_IDENTIFIER = "Amber.Lyceum-QuizTests";
				PRODUCT_NAME = "$(TARGET_NAME)";
				SWIFT_EMIT_LOC_STRINGS = NO;
				SWIFT_VERSION = 5.0;
				TARGETED_DEVICE_FAMILY = "1,2";
				TEST_HOST = "$(BUILT_PRODUCTS_DIR)/Lyceum-Quiz.app/$(BUNDLE_EXECUTABLE_FOLDER_PATH)/Lyceum-Quiz";
			};
			name = Release;
		};
		8FC636772A141549005E78FD /* Debug */ = {
			isa = XCBuildConfiguration;
			buildSettings = {
				ALWAYS_EMBED_SWIFT_STANDARD_LIBRARIES = YES;
				CODE_SIGN_STYLE = Automatic;
				CURRENT_PROJECT_VERSION = 1;
				DEVELOPMENT_TEAM = 89P42BULRY;
				GENERATE_INFOPLIST_FILE = YES;
				MARKETING_VERSION = 1.0;
				PRODUCT_BUNDLE_IDENTIFIER = "Amber.Lyceum-QuizUITests";
				PRODUCT_NAME = "$(TARGET_NAME)";
				SWIFT_EMIT_LOC_STRINGS = NO;
				SWIFT_VERSION = 5.0;
				TARGETED_DEVICE_FAMILY = "1,2";
				TEST_TARGET_NAME = "Lyceum-Quiz";
			};
			name = Debug;
		};
		8FC636782A141549005E78FD /* Release */ = {
			isa = XCBuildConfiguration;
			buildSettings = {
				ALWAYS_EMBED_SWIFT_STANDARD_LIBRARIES = YES;
				CODE_SIGN_STYLE = Automatic;
				CURRENT_PROJECT_VERSION = 1;
				DEVELOPMENT_TEAM = 89P42BULRY;
				GENERATE_INFOPLIST_FILE = YES;
				MARKETING_VERSION = 1.0;
				PRODUCT_BUNDLE_IDENTIFIER = "Amber.Lyceum-QuizUITests";
				PRODUCT_NAME = "$(TARGET_NAME)";
				SWIFT_EMIT_LOC_STRINGS = NO;
				SWIFT_VERSION = 5.0;
				TARGETED_DEVICE_FAMILY = "1,2";
				TEST_TARGET_NAME = "Lyceum-Quiz";
			};
			name = Release;
		};
/* End XCBuildConfiguration section */

/* Begin XCConfigurationList section */
		8FC636472A141547005E78FD /* Build configuration list for PBXProject "Lyceum-Quiz" */ = {
			isa = XCConfigurationList;
			buildConfigurations = (
				8FC6366E2A141549005E78FD /* Debug */,
				8FC6366F2A141549005E78FD /* Release */,
			);
			defaultConfigurationIsVisible = 0;
			defaultConfigurationName = Release;
		};
		8FC636702A141549005E78FD /* Build configuration list for PBXNativeTarget "Lyceum-Quiz" */ = {
			isa = XCConfigurationList;
			buildConfigurations = (
				8FC636712A141549005E78FD /* Debug */,
				8FC636722A141549005E78FD /* Release */,
			);
			defaultConfigurationIsVisible = 0;
			defaultConfigurationName = Release;
		};
		8FC636732A141549005E78FD /* Build configuration list for PBXNativeTarget "Lyceum-QuizTests" */ = {
			isa = XCConfigurationList;
			buildConfigurations = (
				8FC636742A141549005E78FD /* Debug */,
				8FC636752A141549005E78FD /* Release */,
			);
			defaultConfigurationIsVisible = 0;
			defaultConfigurationName = Release;
		};
		8FC636762A141549005E78FD /* Build configuration list for PBXNativeTarget "Lyceum-QuizUITests" */ = {
			isa = XCConfigurationList;
			buildConfigurations = (
				8FC636772A141549005E78FD /* Debug */,
				8FC636782A141549005E78FD /* Release */,
			);
			defaultConfigurationIsVisible = 0;
			defaultConfigurationName = Release;
		};
/* End XCConfigurationList section */
	};
	rootObject = 8FC636442A141547005E78FD /* Project object */;
}
